
Microsoft Visual Studio Solution File, Format Version 12.00
# Visual Studio Version 17
VisualStudioVersion = 17.0.32126.317
MinimumVisualStudioVersion = 10.0.40219.1
Project("{FAE04EC0-301F-11D3-BF4B-00C04F79EFBC}") = "AdvAddressBookSql", "AdvAddressBookSql.csproj", "{62F815E9-FE73-409D-9413-F086635197DE}"
EndProject
Global
	GlobalSection(SolutionConfigurationPlatforms) = preSolution
		Debug|Any CPU = Debug|Any CPU
		Release|Any CPU = Release|Any CPU
	EndGlobalSection
	GlobalSection(ProjectConfigurationPlatforms) = postSolution
		{62F815E9-FE73-409D-9413-F086635197DE}.Debug|Any CPU.ActiveCfg = Debug|Any CPU
		{62F815E9-FE73-409D-9413-F086635197DE}.Debug|Any CPU.Build.0 = Debug|Any CPU
		{62F815E9-FE73-409D-9413-F086635197DE}.Release|Any CPU.ActiveCfg = Release|Any CPU
		{62F815E9-FE73-409D-9413-F086635197DE}.Release|Any CPU.Build.0 = Release|Any CPU
	EndGlobalSection
	GlobalSection(SolutionProperties) = preSolution
		HideSolutionNode = FALSE
	EndGlobalSection
	GlobalSection(ExtensibilityGlobals) = postSolution
		SolutionGuid = {E9ACC033-60A6-40AC-AC96-5AE4DE359949}
	EndGlobalSection
EndGlobal
